
Microsoft Visual Studio Solution File, Format Version 11.00
# Visual Studio 2010
Project("{FAE04EC0-301F-11D3-BF4B-00C04F79EFBC}") = "UnityEngine.TestRunner", "UnityEngine.TestRunner.csproj", "{4c0292b4-48d4-78ee-fd72-be29517bfd26}"
EndProject
Project("{FAE04EC0-301F-11D3-BF4B-00C04F79EFBC}") = "UnityEngine.UI", "UnityEngine.UI.csproj", "{a17acbf6-58bd-01a5-3bff-5ab0fb49037c}"
EndProject
Project("{FAE04EC0-301F-11D3-BF4B-00C04F79EFBC}") = "Unity.VisualScripting.Flow", "Unity.VisualScripting.Flow.csproj", "{a9898102-e767-3b6c-206e-6ccebbbdd647}"
EndProject
Project("{FAE04EC0-301F-11D3-BF4B-00C04F79EFBC}") = "Unity.Services.Core.Telemetry", "Unity.Services.Core.Telemetry.csproj", "{61b26d9f-19da-4eea-6c1c-db278a17566e}"
EndProject
Project("{FAE04EC0-301F-11D3-BF4B-00C04F79EFBC}") = "Unity.VisualScripting.State", "Unity.VisualScripting.State.csproj", "{e34755ea-6aa3-395e-99a8-5cb95fe13a2d}"
EndProject
Project("{FAE04EC0-301F-11D3-BF4B-00C04F79EFBC}") = "Unity.VisualScripting.Core", "Unity.VisualScripting.Core.csproj", "{d44fdc69-b250-f009-b7ca-a8dd0a9fb5c5}"
EndProject
Project("{FAE04EC0-301F-11D3-BF4B-00C04F79EFBC}") = "Unity.Services.Core.Environments.Internal", "Unity.Services.Core.Environments.Internal.csproj", "{67247e7a-9521-a5f8-0c83-803fd57085a3}"
EndProject
Project("{FAE04EC0-301F-11D3-BF4B-00C04F79EFBC}") = "Unity.TextMeshPro", "Unity.TextMeshPro.csproj", "{a930733d-e928-3d82-7736-3a60adea9a8a}"
EndProject
Project("{FAE04EC0-301F-11D3-BF4B-00C04F79EFBC}") = "Unity.Timeline", "Unity.Timeline.csproj", "{1b3fb652-33c4-6344-5165-31d17111a404}"
EndProject
Project("{FAE04EC0-301F-11D3-BF4B-00C04F79EFBC}") = "Unity.Services.Core", "Unity.Services.Core.csproj", "{b1edac25-f24d-ffdb-e8da-c75a1ca4f1e4}"
EndProject
Project("{FAE04EC0-301F-11D3-BF4B-00C04F79EFBC}") = "Unity.Services.Core.Environments", "Unity.Services.Core.Environments.csproj", "{173103b2-7596-f15b-21b8-0c734cec1e6f}"
EndProject
Project("{FAE04EC0-301F-11D3-BF4B-00C04F79EFBC}") = "Unity.Services.Core.Internal", "Unity.Services.Core.Internal.csproj", "{7b4c2b4e-6a25-eb8e-5187-ffd686c64abc}"
EndProject
Project("{FAE04EC0-301F-11D3-BF4B-00C04F79EFBC}") = "Unity.Services.Core.Analytics", "Unity.Services.Core.Analytics.csproj", "{0906330e-d3f5-fa1f-7163-00067795fa14}"
EndProject
Project("{FAE04EC0-301F-11D3-BF4B-00C04F79EFBC}") = "Unity.Services.Core.Scheduler", "Unity.Services.Core.Scheduler.csproj", "{98a78689-703a-a6e6-bcc7-be8f12dc2144}"
EndProject
Project("{FAE04EC0-301F-11D3-BF4B-00C04F79EFBC}") = "Unity.Services.Core.Registration", "Unity.Services.Core.Registration.csproj", "{edd88b8a-8c7c-9bdc-fef4-905a1a6e0b20}"
EndProject
Project("{FAE04EC0-301F-11D3-BF4B-00C04F79EFBC}") = "Unity.Services.Core.Device", "Unity.Services.Core.Device.csproj", "{d411717b-3980-7daf-0042-aa2d74edf10f}"
EndProject
Project("{FAE04EC0-301F-11D3-BF4B-00C04F79EFBC}") = "Unity.Services.Core.Threading", "Unity.Services.Core.Threading.csproj", "{498ef12e-8ae5-e502-b645-b137519c5655}"
EndProject
Project("{FAE04EC0-301F-11D3-BF4B-00C04F79EFBC}") = "Assembly-CSharp", "Assembly-CSharp.csproj", "{24c829fd-b380-9277-efb3-b42612c8d02f}"
EndProject
Project("{FAE04EC0-301F-11D3-BF4B-00C04F79EFBC}") = "Unity.Services.Core.Networking", "Unity.Services.Core.Networking.csproj", "{03e31196-ff4e-0c60-99fe-706d87fc32ea}"
EndProject
Project("{FAE04EC0-301F-11D3-BF4B-00C04F79EFBC}") = "Unity.Services.Core.Configuration", "Unity.Services.Core.Configuration.csproj", "{743f94bf-7311-2d55-07a2-fcc9ab987744}"
EndProject
Project("{FAE04EC0-301F-11D3-BF4B-00C04F79EFBC}") = "Unity.PlasticSCM.Editor", "Unity.PlasticSCM.Editor.csproj", "{8dc5a848-af83-8e60-3b23-568c288a38d3}"
EndProject
Project("{FAE04EC0-301F-11D3-BF4B-00C04F79EFBC}") = "Unity.VisualScripting.Core.Editor", "Unity.VisualScripting.Core.Editor.csproj", "{7243ec8c-6f99-8162-699b-0532ab763165}"
EndProject
Project("{FAE04EC0-301F-11D3-BF4B-00C04F79EFBC}") = "Unity.VisualScripting.Flow.Editor", "Unity.VisualScripting.Flow.Editor.csproj", "{ab9d71ec-74d8-ecf1-a9b8-1428c93af3d7}"
EndProject
Project("{FAE04EC0-301F-11D3-BF4B-00C04F79EFBC}") = "Unity.VisualStudio.Editor", "Unity.VisualStudio.Editor.csproj", "{e6325488-17a2-d865-0ca0-69de35c221f8}"
EndProject
Project("{FAE04EC0-301F-11D3-BF4B-00C04F79EFBC}") = "Unity.Timeline.Editor", "Unity.Timeline.Editor.csproj", "{7c477862-b21d-1c29-737c-57b09d99b5e5}"
EndProject
Project("{FAE04EC0-301F-11D3-BF4B-00C04F79EFBC}") = "Unity.VisualScripting.State.Editor", "Unity.VisualScripting.State.Editor.csproj", "{5c1cb835-6f44-9bc9-5f87-23d5e9326e6e}"
EndProject
Project("{FAE04EC0-301F-11D3-BF4B-00C04F79EFBC}") = "Unity.TextMeshPro.Editor", "Unity.TextMeshPro.Editor.csproj", "{719249e0-8d28-c973-7216-b6bdddfb73b2}"
EndProject
Project("{FAE04EC0-301F-11D3-BF4B-00C04F79EFBC}") = "Unity.VisualScripting.SettingsProvider.Editor", "Unity.VisualScripting.SettingsProvider.Editor.csproj", "{7a90ac92-5f9a-c802-b843-fdd852a0af09}"
EndProject
Project("{FAE04EC0-301F-11D3-BF4B-00C04F79EFBC}") = "Unity.CollabProxy.Editor", "Unity.CollabProxy.Editor.csproj", "{e054c494-ee7c-cfd8-5cb1-f455f3ae3c82}"
EndProject
Project("{FAE04EC0-301F-11D3-BF4B-00C04F79EFBC}") = "UnityEditor.TestRunner", "UnityEditor.TestRunner.csproj", "{39a24c15-46ed-fafc-c09c-976f9a7cecc7}"
EndProject
Project("{FAE04EC0-301F-11D3-BF4B-00C04F79EFBC}") = "Unity.Services.Core.Editor", "Unity.Services.Core.Editor.csproj", "{f073391c-a3b3-b16c-4c0e-8bd1ef13ec59}"
EndProject
Project("{FAE04EC0-301F-11D3-BF4B-00C04F79EFBC}") = "Unity.TestTools.CodeCoverage.Editor", "Unity.TestTools.CodeCoverage.Editor.csproj", "{5c8f9314-ba6a-288d-d031-74b766407987}"
EndProject
Project("{FAE04EC0-301F-11D3-BF4B-00C04F79EFBC}") = "Unity.Rider.Editor", "Unity.Rider.Editor.csproj", "{ed13780f-4800-a42a-c029-5dcd795292d1}"
EndProject
Project("{FAE04EC0-301F-11D3-BF4B-00C04F79EFBC}") = "Unity.Performance.Profile-Analyzer.Editor", "Unity.Performance.Profile-Analyzer.Editor.csproj", "{0787ff86-af17-4f17-0d81-bfe8de5fbd3b}"
EndProject
Project("{FAE04EC0-301F-11D3-BF4B-00C04F79EFBC}") = "Unity.VSCode.Editor", "Unity.VSCode.Editor.csproj", "{6568221e-4991-6f6e-99df-5b21459131e5}"
EndProject
Project("{FAE04EC0-301F-11D3-BF4B-00C04F79EFBC}") = "UnityEditor.UI", "UnityEditor.UI.csproj", "{1aa71ba1-4aae-a624-c9ea-d1c944ed726a}"
EndProject
Project("{FAE04EC0-301F-11D3-BF4B-00C04F79EFBC}") = "Unity.TestTools.CodeCoverage.Editor.OpenCover.Model", "Unity.TestTools.CodeCoverage.Editor.OpenCover.Model.csproj", "{2fb321b0-1146-7683-6dbe-3a02f5160c09}"
EndProject
Project("{FAE04EC0-301F-11D3-BF4B-00C04F79EFBC}") = "Unity.EditorCoroutines.Editor", "Unity.EditorCoroutines.Editor.csproj", "{758804ad-77a0-db3d-fbd7-89f849dd65bc}"
EndProject
Project("{FAE04EC0-301F-11D3-BF4B-00C04F79EFBC}") = "Unity.Settings.Editor", "Unity.Settings.Editor.csproj", "{d391a058-8325-551e-13ea-3ab2ce5e8c8a}"
EndProject
Project("{FAE04EC0-301F-11D3-BF4B-00C04F79EFBC}") = "Unity.Services.Core.Configuration.Editor", "Unity.Services.Core.Configuration.Editor.csproj", "{d257950c-5d7c-16a1-da33-12089214c5f1}"
EndProject
Project("{FAE04EC0-301F-11D3-BF4B-00C04F79EFBC}") = "Unity.TestTools.CodeCoverage.Editor.OpenCover.Mono.Reflection", "Unity.TestTools.CodeCoverage.Editor.OpenCover.Mono.Reflection.csproj", "{061a0d5c-2fa8-34f8-802f-13d617cec4b9}"
EndProject
Project("{FAE04EC0-301F-11D3-BF4B-00C04F79EFBC}") = "Unity.VisualScripting.Shared.Editor", "Unity.VisualScripting.Shared.Editor.csproj", "{52ce245b-5452-d599-a096-3832d4b9522e}"
EndProject
Global
	GlobalSection(SolutionConfigurationPlatforms) = preSolution
		Debug|Any CPU = Debug|Any CPU
	EndGlobalSection
	GlobalSection(ProjectConfigurationPlatforms) = postSolution
		{4c0292b4-48d4-78ee-fd72-be29517bfd26}.Debug|Any CPU.ActiveCfg = Debug|Any CPU
		{4c0292b4-48d4-78ee-fd72-be29517bfd26}.Debug|Any CPU.Build.0 = Debug|Any CPU
		{a17acbf6-58bd-01a5-3bff-5ab0fb49037c}.Debug|Any CPU.ActiveCfg = Debug|Any CPU
		{a17acbf6-58bd-01a5-3bff-5ab0fb49037c}.Debug|Any CPU.Build.0 = Debug|Any CPU
		{a9898102-e767-3b6c-206e-6ccebbbdd647}.Debug|Any CPU.ActiveCfg = Debug|Any CPU
		{a9898102-e767-3b6c-206e-6ccebbbdd647}.Debug|Any CPU.Build.0 = Debug|Any CPU
		{61b26d9f-19da-4eea-6c1c-db278a17566e}.Debug|Any CPU.ActiveCfg = Debug|Any CPU
		{61b26d9f-19da-4eea-6c1c-db278a17566e}.Debug|Any CPU.Build.0 = Debug|Any CPU
		{e34755ea-6aa3-395e-99a8-5cb95fe13a2d}.Debug|Any CPU.ActiveCfg = Debug|Any CPU
		{e34755ea-6aa3-395e-99a8-5cb95fe13a2d}.Debug|Any CPU.Build.0 = Debug|Any CPU
		{d44fdc69-b250-f009-b7ca-a8dd0a9fb5c5}.Debug|Any CPU.ActiveCfg = Debug|Any CPU
		{d44fdc69-b250-f009-b7ca-a8dd0a9fb5c5}.Debug|Any CPU.Build.0 = Debug|Any CPU
		{67247e7a-9521-a5f8-0c83-803fd57085a3}.Debug|Any CPU.ActiveCfg = Debug|Any CPU
		{67247e7a-9521-a5f8-0c83-803fd57085a3}.Debug|Any CPU.Build.0 = Debug|Any CPU
		{a930733d-e928-3d82-7736-3a60adea9a8a}.Debug|Any CPU.ActiveCfg = Debug|Any CPU
		{a930733d-e928-3d82-7736-3a60adea9a8a}.Debug|Any CPU.Build.0 = Debug|Any CPU
		{1b3fb652-33c4-6344-5165-31d17111a404}.Debug|Any CPU.ActiveCfg = Debug|Any CPU
		{1b3fb652-33c4-6344-5165-31d17111a404}.Debug|Any CPU.Build.0 = Debug|Any CPU
		{b1edac25-f24d-ffdb-e8da-c75a1ca4f1e4}.Debug|Any CPU.ActiveCfg = Debug|Any CPU
		{b1edac25-f24d-ffdb-e8da-c75a1ca4f1e4}.Debug|Any CPU.Build.0 = Debug|Any CPU
		{173103b2-7596-f15b-21b8-0c734cec1e6f}.Debug|Any CPU.ActiveCfg = Debug|Any CPU
		{173103b2-7596-f15b-21b8-0c734cec1e6f}.Debug|Any CPU.Build.0 = Debug|Any CPU
		{7b4c2b4e-6a25-eb8e-5187-ffd686c64abc}.Debug|Any CPU.ActiveCfg = Debug|Any CPU
		{7b4c2b4e-6a25-eb8e-5187-ffd686c64abc}.Debug|Any CPU.Build.0 = Debug|Any CPU
		{0906330e-d3f5-fa1f-7163-00067795fa14}.Debug|Any CPU.ActiveCfg = Debug|Any CPU
		{0906330e-d3f5-fa1f-7163-00067795fa14}.Debug|Any CPU.Build.0 = Debug|Any CPU
		{98a78689-703a-a6e6-bcc7-be8f12dc2144}.Debug|Any CPU.ActiveCfg = Debug|Any CPU
		{98a78689-703a-a6e6-bcc7-be8f12dc2144}.Debug|Any CPU.Build.0 = Debug|Any CPU
		{edd88b8a-8c7c-9bdc-fef4-905a1a6e0b20}.Debug|Any CPU.ActiveCfg = Debug|Any CPU
		{edd88b8a-8c7c-9bdc-fef4-905a1a6e0b20}.Debug|Any CPU.Build.0 = Debug|Any CPU
		{d411717b-3980-7daf-0042-aa2d74edf10f}.Debug|Any CPU.ActiveCfg = Debug|Any CPU
		{d411717b-3980-7daf-0042-aa2d74edf10f}.Debug|Any CPU.Build.0 = Debug|Any CPU
		{498ef12e-8ae5-e502-b645-b137519c5655}.Debug|Any CPU.ActiveCfg = Debug|Any CPU
		{498ef12e-8ae5-e502-b645-b137519c5655}.Debug|Any CPU.Build.0 = Debug|Any CPU
		{24c829fd-b380-9277-efb3-b42612c8d02f}.Debug|Any CPU.ActiveCfg = Debug|Any CPU
		{24c829fd-b380-9277-efb3-b42612c8d02f}.Debug|Any CPU.Build.0 = Debug|Any CPU
		{03e31196-ff4e-0c60-99fe-706d87fc32ea}.Debug|Any CPU.ActiveCfg = Debug|Any CPU
		{03e31196-ff4e-0c60-99fe-706d87fc32ea}.Debug|Any CPU.Build.0 = Debug|Any CPU
		{743f94bf-7311-2d55-07a2-fcc9ab987744}.Debug|Any CPU.ActiveCfg = Debug|Any CPU
		{743f94bf-7311-2d55-07a2-fcc9ab987744}.Debug|Any CPU.Build.0 = Debug|Any CPU
		{8dc5a848-af83-8e60-3b23-568c288a38d3}.Debug|Any CPU.ActiveCfg = Debug|Any CPU
		{8dc5a848-af83-8e60-3b23-568c288a38d3}.Debug|Any CPU.Build.0 = Debug|Any CPU
		{7243ec8c-6f99-8162-699b-0532ab763165}.Debug|Any CPU.ActiveCfg = Debug|Any CPU
		{7243ec8c-6f99-8162-699b-0532ab763165}.Debug|Any CPU.Build.0 = Debug|Any CPU
		{ab9d71ec-74d8-ecf1-a9b8-1428c93af3d7}.Debug|Any CPU.ActiveCfg = Debug|Any CPU
		{ab9d71ec-74d8-ecf1-a9b8-1428c93af3d7}.Debug|Any CPU.Build.0 = Debug|Any CPU
		{e6325488-17a2-d865-0ca0-69de35c221f8}.Debug|Any CPU.ActiveCfg = Debug|Any CPU
		{e6325488-17a2-d865-0ca0-69de35c221f8}.Debug|Any CPU.Build.0 = Debug|Any CPU
		{7c477862-b21d-1c29-737c-57b09d99b5e5}.Debug|Any CPU.ActiveCfg = Debug|Any CPU
		{7c477862-b21d-1c29-737c-57b09d99b5e5}.Debug|Any CPU.Build.0 = Debug|Any CPU
		{5c1cb835-6f44-9bc9-5f87-23d5e9326e6e}.Debug|Any CPU.ActiveCfg = Debug|Any CPU
		{5c1cb835-6f44-9bc9-5f87-23d5e9326e6e}.Debug|Any CPU.Build.0 = Debug|Any CPU
		{719249e0-8d28-c973-7216-b6bdddfb73b2}.Debug|Any CPU.ActiveCfg = Debug|Any CPU
		{719249e0-8d28-c973-7216-b6bdddfb73b2}.Debug|Any CPU.Build.0 = Debug|Any CPU
		{7a90ac92-5f9a-c802-b843-fdd852a0af09}.Debug|Any CPU.ActiveCfg = Debug|Any CPU
		{7a90ac92-5f9a-c802-b843-fdd852a0af09}.Debug|Any CPU.Build.0 = Debug|Any CPU
		{e054c494-ee7c-cfd8-5cb1-f455f3ae3c82}.Debug|Any CPU.ActiveCfg = Debug|Any CPU
		{e054c494-ee7c-cfd8-5cb1-f455f3ae3c82}.Debug|Any CPU.Build.0 = Debug|Any CPU
		{39a24c15-46ed-fafc-c09c-976f9a7cecc7}.Debug|Any CPU.ActiveCfg = Debug|Any CPU
		{39a24c15-46ed-fafc-c09c-976f9a7cecc7}.Debug|Any CPU.Build.0 = Debug|Any CPU
		{f073391c-a3b3-b16c-4c0e-8bd1ef13ec59}.Debug|Any CPU.ActiveCfg = Debug|Any CPU
		{f073391c-a3b3-b16c-4c0e-8bd1ef13ec59}.Debug|Any CPU.Build.0 = Debug|Any CPU
		{5c8f9314-ba6a-288d-d031-74b766407987}.Debug|Any CPU.ActiveCfg = Debug|Any CPU
		{5c8f9314-ba6a-288d-d031-74b766407987}.Debug|Any CPU.Build.0 = Debug|Any CPU
		{ed13780f-4800-a42a-c029-5dcd795292d1}.Debug|Any CPU.ActiveCfg = Debug|Any CPU
		{ed13780f-4800-a42a-c029-5dcd795292d1}.Debug|Any CPU.Build.0 = Debug|Any CPU
		{0787ff86-af17-4f17-0d81-bfe8de5fbd3b}.Debug|Any CPU.ActiveCfg = Debug|Any CPU
		{0787ff86-af17-4f17-0d81-bfe8de5fbd3b}.Debug|Any CPU.Build.0 = Debug|Any CPU
		{6568221e-4991-6f6e-99df-5b21459131e5}.Debug|Any CPU.ActiveCfg = Debug|Any CPU
		{6568221e-4991-6f6e-99df-5b21459131e5}.Debug|Any CPU.Build.0 = Debug|Any CPU
		{1aa71ba1-4aae-a624-c9ea-d1c944ed726a}.Debug|Any CPU.ActiveCfg = Debug|Any CPU
		{1aa71ba1-4aae-a624-c9ea-d1c944ed726a}.Debug|Any CPU.Build.0 = Debug|Any CPU
		{2fb321b0-1146-7683-6dbe-3a02f5160c09}.Debug|Any CPU.ActiveCfg = Debug|Any CPU
		{2fb321b0-1146-7683-6dbe-3a02f5160c09}.Debug|Any CPU.Build.0 = Debug|Any CPU
		{758804ad-77a0-db3d-fbd7-89f849dd65bc}.Debug|Any CPU.ActiveCfg = Debug|Any CPU
		{758804ad-77a0-db3d-fbd7-89f849dd65bc}.Debug|Any CPU.Build.0 = Debug|Any CPU
		{d391a058-8325-551e-13ea-3ab2ce5e8c8a}.Debug|Any CPU.ActiveCfg = Debug|Any CPU
		{d391a058-8325-551e-13ea-3ab2ce5e8c8a}.Debug|Any CPU.Build.0 = Debug|Any CPU
		{d257950c-5d7c-16a1-da33-12089214c5f1}.Debug|Any CPU.ActiveCfg = Debug|Any CPU
		{d257950c-5d7c-16a1-da33-12089214c5f1}.Debug|Any CPU.Build.0 = Debug|Any CPU
		{061a0d5c-2fa8-34f8-802f-13d617cec4b9}.Debug|Any CPU.ActiveCfg = Debug|Any CPU
		{061a0d5c-2fa8-34f8-802f-13d617cec4b9}.Debug|Any CPU.Build.0 = Debug|Any CPU
		{52ce245b-5452-d599-a096-3832d4b9522e}.Debug|Any CPU.ActiveCfg = Debug|Any CPU
		{52ce245b-5452-d599-a096-3832d4b9522e}.Debug|Any CPU.Build.0 = Debug|Any CPU
	EndGlobalSection
	GlobalSection(SolutionProperties) = preSolution
		HideSolutionNode = FALSE
	EndGlobalSection
EndGlobal
